// !$*UTF8*$!
{
	archiveVersion = 1;
	classes = {
	};
	objectVersion = 77;
	objects = {

/* Begin PBXBuildFile section */
		34AF764C2DAFCEB300633446 /* Kingfisher in Frameworks */ = {isa = PBXBuildFile; productRef = 34AF764B2DAFCEB300633446 /* Kingfisher */; };
		34BC48F02DB2A6D700D68255 /* Alamofire in Frameworks */ = {isa = PBXBuildFile; productRef = 34BC48EF2DB2A6D700D68255 /* Alamofire */; };
		34BC49D02DB3DF1E00D68255 /* Swinject in Frameworks */ = {isa = PBXBuildFile; productRef = 34BC49CF2DB3DF1E00D68255 /* Swinject */; };
/* End PBXBuildFile section */

/* Begin PBXContainerItemProxy section */
		34AF75F22DAF013300633446 /* PBXContainerItemProxy */ = {
			isa = PBXContainerItemProxy;
			containerPortal = 34AF75D82DAF013100633446 /* Project object */;
			proxyType = 1;
			remoteGlobalIDString = 34AF75DF2DAF013100633446;
			remoteInfo = "Instagram-Clone";
		};
		34AF75FC2DAF013300633446 /* PBXContainerItemProxy */ = {
			isa = PBXContainerItemProxy;
			containerPortal = 34AF75D82DAF013100633446 /* Project object */;
			proxyType = 1;
			remoteGlobalIDString = 34AF75DF2DAF013100633446;
			remoteInfo = "Instagram-Clone";
		};
/* End PBXContainerItemProxy section */

/* Begin PBXFileReference section */
		34AF75E02DAF013100633446 /* Volindo.app */ = {isa = PBXFileReference; explicitFileType = wrapper.application; includeInIndex = 0; path = Volindo.app; sourceTree = BUILT_PRODUCTS_DIR; };
		34AF75F12DAF013300633446 /* VolindoTests.xctest */ = {isa = PBXFileReference; explicitFileType = wrapper.cfbundle; includeInIndex = 0; path = VolindoTests.xctest; sourceTree = BUILT_PRODUCTS_DIR; };
		34AF75FB2DAF013300633446 /* VolindoUITests.xctest */ = {isa = PBXFileReference; explicitFileType = wrapper.cfbundle; includeInIndex = 0; path = VolindoUITests.xctest; sourceTree = BUILT_PRODUCTS_DIR; };
/* End PBXFileReference section */

/* Begin PBXFileSystemSynchronizedBuildFileExceptionSet section */
		34AF76142DAF0E0700633446 /* Exceptions for "Volindo" folder in "Volindo" target */ = {
			isa = PBXFileSystemSynchronizedBuildFileExceptionSet;
			membershipExceptions = (
				Info.plist,
			);
			target = 34AF75DF2DAF013100633446 /* Volindo */;
		};
/* End PBXFileSystemSynchronizedBuildFileExceptionSet section */

/* Begin PBXFileSystemSynchronizedGroupBuildPhaseMembershipExceptionSet section */
		34BC49222DB3AD9500D68255 /* Exceptions for "Volindo" folder in "Compile Sources" phase from "Volindo" target */ = {
			isa = PBXFileSystemSynchronizedGroupBuildPhaseMembershipExceptionSet;
			buildPhase = 34AF75DC2DAF013100633446 /* Sources */;
			membershipExceptions = (
				"Preview Content/RandomMediaApiResponseMock.json",
				"Preview Content/StoriesMock.json",
			);
		};
/* End PBXFileSystemSynchronizedGroupBuildPhaseMembershipExceptionSet section */

/* Begin PBXFileSystemSynchronizedRootGroup section */
		34AF75E22DAF013100633446 /* Volindo */ = {
			isa = PBXFileSystemSynchronizedRootGroup;
			exceptions = (
				34AF76142DAF0E0700633446 /* Exceptions for "Volindo" folder in "Volindo" target */,
				34BC49222DB3AD9500D68255 /* Exceptions for "Volindo" folder in "Compile Sources" phase from "Volindo" target */,
			);
			path = Volindo;
			sourceTree = "<group>";
		};
		34AF75F42DAF013300633446 /* VolindoTests */ = {
			isa = PBXFileSystemSynchronizedRootGroup;
			path = VolindoTests;
			sourceTree = "<group>";
		};
		34AF75FE2DAF013300633446 /* VolindoUITests */ = {
			isa = PBXFileSystemSynchronizedRootGroup;
			path = VolindoUITests;
			sourceTree = "<group>";
		};
/* End PBXFileSystemSynchronizedRootGroup section */

/* Begin PBXFrameworksBuildPhase section */
		34AF75DD2DAF013100633446 /* Frameworks */ = {
			isa = PBXFrameworksBuildPhase;
			buildActionMask = 2147483647;
			files = (
				34AF764C2DAFCEB300633446 /* Kingfisher in Frameworks */,
				34BC48F02DB2A6D700D68255 /* Alamofire in Frameworks */,
				34BC49D02DB3DF1E00D68255 /* Swinject in Frameworks */,
			);
			runOnlyForDeploymentPostprocessing = 0;
		};
		34AF75EE2DAF013300633446 /* Frameworks */ = {
			isa = PBXFrameworksBuildPhase;
			buildActionMask = 2147483647;
			files = (
			);
			runOnlyForDeploymentPostprocessing = 0;
		};
		34AF75F82DAF013300633446 /* Frameworks */ = {
			isa = PBXFrameworksBuildPhase;
			buildActionMask = 2147483647;
			files = (
			);
			runOnlyForDeploymentPostprocessing = 0;
		};
/* End PBXFrameworksBuildPhase section */

/* Begin PBXGroup section */
		34AF75D72DAF013100633446 = {
			isa = PBXGroup;
			children = (
				34AF75E22DAF013100633446 /* Volindo */,
				34AF75F42DAF013300633446 /* VolindoTests */,
				34AF75FE2DAF013300633446 /* VolindoUITests */,
				34BC49D52DB3E07500D68255 /* Frameworks */,
				34AF75E12DAF013100633446 /* Products */,
			);
			sourceTree = "<group>";
		};
		34AF75E12DAF013100633446 /* Products */ = {
			isa = PBXGroup;
			children = (
				34AF75E02DAF013100633446 /* Volindo.app */,
				34AF75F12DAF013300633446 /* VolindoTests.xctest */,
				34AF75FB2DAF013300633446 /* VolindoUITests.xctest */,
			);
			name = Products;
			sourceTree = "<group>";
		};
		34BC49D52DB3E07500D68255 /* Frameworks */ = {
			isa = PBXGroup;
			children = (
			);
			name = Frameworks;
			sourceTree = "<group>";
		};
/* End PBXGroup section */

/* Begin PBXNativeTarget section */
		34AF75DF2DAF013100633446 /* Volindo */ = {
			isa = PBXNativeTarget;
			buildConfigurationList = 34AF76052DAF013300633446 /* Build configuration list for PBXNativeTarget "Volindo" */;
			buildPhases = (
				34AF75DC2DAF013100633446 /* Sources */,
				34AF75DD2DAF013100633446 /* Frameworks */,
				34AF75DE2DAF013100633446 /* Resources */,
			);
			buildRules = (
			);
			dependencies = (
			);
			fileSystemSynchronizedGroups = (
				34AF75E22DAF013100633446 /* Volindo */,
			);
			name = Volindo;
			packageProductDependencies = (
				34AF764B2DAFCEB300633446 /* Kingfisher */,
				34BC48EF2DB2A6D700D68255 /* Alamofire */,
				34BC49CF2DB3DF1E00D68255 /* Swinject */,
			);
			productName = "Instagram-Clone";
			productReference = 34AF75E02DAF013100633446 /* Volindo.app */;
			productType = "com.apple.product-type.application";
		};
		34AF75F02DAF013300633446 /* VolindoTests */ = {
			isa = PBXNativeTarget;
			buildConfigurationList = 34AF76082DAF013300633446 /* Build configuration list for PBXNativeTarget "VolindoTests" */;
			buildPhases = (
				34AF75ED2DAF013300633446 /* Sources */,
				34AF75EE2DAF013300633446 /* Frameworks */,
				34AF75EF2DAF013300633446 /* Resources */,
			);
			buildRules = (
			);
			dependencies = (
				34AF75F32DAF013300633446 /* PBXTargetDependency */,
			);
			fileSystemSynchronizedGroups = (
				34AF75F42DAF013300633446 /* VolindoTests */,
			);
			name = VolindoTests;
			packageProductDependencies = (
			);
			productName = "Instagram-CloneTests";
			productReference = 34AF75F12DAF013300633446 /* VolindoTests.xctest */;
			productType = "com.apple.product-type.bundle.unit-test";
		};
		34AF75FA2DAF013300633446 /* VolindoUITests */ = {
			isa = PBXNativeTarget;
			buildConfigurationList = 34AF760B2DAF013300633446 /* Build configuration list for PBXNativeTarget "VolindoUITests" */;
			buildPhases = (
				34AF75F72DAF013300633446 /* Sources */,
				34AF75F82DAF013300633446 /* Frameworks */,
				34AF75F92DAF013300633446 /* Resources */,
			);
			buildRules = (
			);
			dependencies = (
				34AF75FD2DAF013300633446 /* PBXTargetDependency */,
			);
			fileSystemSynchronizedGroups = (
				34AF75FE2DAF013300633446 /* VolindoUITests */,
			);
			name = VolindoUITests;
			packageProductDependencies = (
			);
			productName = "Instagram-CloneUITests";
			productReference = 34AF75FB2DAF013300633446 /* VolindoUITests.xctest */;
			productType = "com.apple.product-type.bundle.ui-testing";
		};
/* End PBXNativeTarget section */

/* Begin PBXProject section */
		34AF75D82DAF013100633446 /* Project object */ = {
			isa = PBXProject;
			attributes = {
				BuildIndependentTargetsInParallel = 1;
				LastSwiftUpdateCheck = 1620;
				LastUpgradeCheck = 1620;
				TargetAttributes = {
					34AF75DF2DAF013100633446 = {
						CreatedOnToolsVersion = 16.2;
					};
					34AF75F02DAF013300633446 = {
						CreatedOnToolsVersion = 16.2;
						TestTargetID = 34AF75DF2DAF013100633446;
					};
					34AF75FA2DAF013300633446 = {
						CreatedOnToolsVersion = 16.2;
						TestTargetID = 34AF75DF2DAF013100633446;
					};
				};
			};
			buildConfigurationList = 34AF75DB2DAF013100633446 /* Build configuration list for PBXProject "Volindo" */;
			developmentRegion = en;
			hasScannedForEncodings = 0;
			knownRegions = (
				en,
				Base,
			);
			mainGroup = 34AF75D72DAF013100633446;
			minimizedProjectReferenceProxies = 1;
			packageReferences = (
				34AF764A2DAFCEB300633446 /* XCRemoteSwiftPackageReference "Kingfisher" */,
				34BC48EE2DB2A6D700D68255 /* XCRemoteSwiftPackageReference "Alamofire" */,
				34BC49CE2DB3DF1E00D68255 /* XCRemoteSwiftPackageReference "Swinject" */,
			);
			preferredProjectObjectVersion = 77;
			productRefGroup = 34AF75E12DAF013100633446 /* Products */;
			projectDirPath = "";
			projectRoot = "";
			targets = (
				34AF75DF2DAF013100633446 /* Volindo */,
				34AF75F02DAF013300633446 /* VolindoTests */,
				34AF75FA2DAF013300633446 /* VolindoUITests */,
			);
		};
/* End PBXProject section */

/* Begin PBXResourcesBuildPhase section */
		34AF75DE2DAF013100633446 /* Resources */ = {
			isa = PBXResourcesBuildPhase;
			buildActionMask = 2147483647;
			files = (
			);
			runOnlyForDeploymentPostprocessing = 0;
		};
		34AF75EF2DAF013300633446 /* Resources */ = {
			isa = PBXResourcesBuildPhase;
			buildActionMask = 2147483647;
			files = (
			);
			runOnlyForDeploymentPostprocessing = 0;
		};
		34AF75F92DAF013300633446 /* Resources */ = {
			isa = PBXResourcesBuildPhase;
			buildActionMask = 2147483647;
			files = (
			);
			runOnlyForDeploymentPostprocessing = 0;
		};
/* End PBXResourcesBuildPhase section */

/* Begin PBXSourcesBuildPhase section */
		34AF75DC2DAF013100633446 /* Sources */ = {
			isa = PBXSourcesBuildPhase;
			buildActionMask = 2147483647;
			files = (
			);
			runOnlyForDeploymentPostprocessing = 0;
		};
		34AF75ED2DAF013300633446 /* Sources */ = {
			isa = PBXSourcesBuildPhase;
			buildActionMask = 2147483647;
			files = (
			);
			runOnlyForDeploymentPostprocessing = 0;
		};
		34AF75F72DAF013300633446 /* Sources */ = {
			isa = PBXSourcesBuildPhase;
			buildActionMask = 2147483647;
			files = (
			);
			runOnlyForDeploymentPostprocessing = 0;
		};
/* End PBXSourcesBuildPhase section */

/* Begin PBXTargetDependency section */
		34AF75F32DAF013300633446 /* PBXTargetDependency */ = {
			isa = PBXTargetDependency;
			target = 34AF75DF2DAF013100633446 /* Volindo */;
			targetProxy = 34AF75F22DAF013300633446 /* PBXContainerItemProxy */;
		};
		34AF75FD2DAF013300633446 /* PBXTargetDependency */ = {
			isa = PBXTargetDependency;
			target = 34AF75DF2DAF013100633446 /* Volindo */;
			targetProxy = 34AF75FC2DAF013300633446 /* PBXContainerItemProxy */;
		};
/* End PBXTargetDependency section */

/* Begin XCBuildConfiguration section */
		34AF76032DAF013300633446 /* Debug */ = {
			isa = XCBuildConfiguration;
			buildSettings = {
				ALWAYS_SEARCH_USER_PATHS = NO;
				ASSETCATALOG_COMPILER_GENERATE_SWIFT_ASSET_SYMBOL_EXTENSIONS = YES;
				CLANG_ANALYZER_NONNULL = YES;
				CLANG_ANALYZER_NUMBER_OBJECT_CONVERSION = YES_AGGRESSIVE;
				CLANG_CXX_LANGUAGE_STANDARD = "gnu++20";
				CLANG_ENABLE_MODULES = YES;
				CLANG_ENABLE_OBJC_ARC = YES;
				CLANG_ENABLE_OBJC_WEAK = YES;
				CLANG_WARN_BLOCK_CAPTURE_AUTORELEASING = YES;
				CLANG_WARN_BOOL_CONVERSION = YES;
				CLANG_WARN_COMMA = YES;
				CLANG_WARN_CONSTANT_CONVERSION = YES;
				CLANG_WARN_DEPRECATED_OBJC_IMPLEMENTATIONS = YES;
				CLANG_WARN_DIRECT_OBJC_ISA_USAGE = YES_ERROR;
				CLANG_WARN_DOCUMENTATION_COMMENTS = YES;
				CLANG_WARN_EMPTY_BODY = YES;
				CLANG_WARN_ENUM_CONVERSION = YES;
				CLANG_WARN_INFINITE_RECURSION = YES;
				CLANG_WARN_INT_CONVERSION = YES;
				CLANG_WARN_NON_LITERAL_NULL_CONVERSION = YES;
				CLANG_WARN_OBJC_IMPLICIT_RETAIN_SELF = YES;
				CLANG_WARN_OBJC_LITERAL_CONVERSION = YES;
				CLANG_WARN_OBJC_ROOT_CLASS = YES_ERROR;
				CLANG_WARN_QUOTED_INCLUDE_IN_FRAMEWORK_HEADER = YES;
				CLANG_WARN_RANGE_LOOP_ANALYSIS = YES;
				CLANG_WARN_STRICT_PROTOTYPES = YES;
				CLANG_WARN_SUSPICIOUS_MOVE = YES;
				CLANG_WARN_UNGUARDED_AVAILABILITY = YES_AGGRESSIVE;
				CLANG_WARN_UNREACHABLE_CODE = YES;
				CLANG_WARN__DUPLICATE_METHOD_MATCH = YES;
				COPY_PHASE_STRIP = NO;
				DEBUG_INFORMATION_FORMAT = dwarf;
				ENABLE_STRICT_OBJC_MSGSEND = YES;
				ENABLE_TESTABILITY = YES;
				ENABLE_USER_SCRIPT_SANDBOXING = YES;
				GCC_C_LANGUAGE_STANDARD = gnu17;
				GCC_DYNAMIC_NO_PIC = NO;
				GCC_NO_COMMON_BLOCKS = YES;
				GCC_OPTIMIZATION_LEVEL = 0;
				GCC_PREPROCESSOR_DEFINITIONS = (
					"DEBUG=1",
					"$(inherited)",
				);
				GCC_WARN_64_TO_32_BIT_CONVERSION = YES;
				GCC_WARN_ABOUT_RETURN_TYPE = YES_ERROR;
				GCC_WARN_UNDECLARED_SELECTOR = YES;
				GCC_WARN_UNINITIALIZED_AUTOS = YES_AGGRESSIVE;
				GCC_WARN_UNUSED_FUNCTION = YES;
				GCC_WARN_UNUSED_VARIABLE = YES;
				LOCALIZATION_PREFERS_STRING_CATALOGS = YES;
				MTL_ENABLE_DEBUG_INFO = INCLUDE_SOURCE;
				MTL_FAST_MATH = YES;
				ONLY_ACTIVE_ARCH = YES;
				SWIFT_ACTIVE_COMPILATION_CONDITIONS = "DEBUG $(inherited)";
				SWIFT_OPTIMIZATION_LEVEL = "-Onone";
			};
			name = Debug;
		};
		34AF76042DAF013300633446 /* Release */ = {
			isa = XCBuildConfiguration;
			buildSettings = {
				ALWAYS_SEARCH_USER_PATHS = NO;
				ASSETCATALOG_COMPILER_GENERATE_SWIFT_ASSET_SYMBOL_EXTENSIONS = YES;
				CLANG_ANALYZER_NONNULL = YES;
				CLANG_ANALYZER_NUMBER_OBJECT_CONVERSION = YES_AGGRESSIVE;
				CLANG_CXX_LANGUAGE_STANDARD = "gnu++20";
				CLANG_ENABLE_MODULES = YES;
				CLANG_ENABLE_OBJC_ARC = YES;
				CLANG_ENABLE_OBJC_WEAK = YES;
				CLANG_WARN_BLOCK_CAPTURE_AUTORELEASING = YES;
				CLANG_WARN_BOOL_CONVERSION = YES;
				CLANG_WARN_COMMA = YES;
				CLANG_WARN_CONSTANT_CONVERSION = YES;
				CLANG_WARN_DEPRECATED_OBJC_IMPLEMENTATIONS = YES;
				CLANG_WARN_DIRECT_OBJC_ISA_USAGE = YES_ERROR;
				CLANG_WARN_DOCUMENTATION_COMMENTS = YES;
				CLANG_WARN_EMPTY_BODY = YES;
				CLANG_WARN_ENUM_CONVERSION = YES;
				CLANG_WARN_INFINITE_RECURSION = YES;
				CLANG_WARN_INT_CONVERSION = YES;
				CLANG_WARN_NON_LITERAL_NULL_CONVERSION = YES;
				CLANG_WARN_OBJC_IMPLICIT_RETAIN_SELF = YES;
				CLANG_WARN_OBJC_LITERAL_CONVERSION = YES;
				CLANG_WARN_OBJC_ROOT_CLASS = YES_ERROR;
				CLANG_WARN_QUOTED_INCLUDE_IN_FRAMEWORK_HEADER = YES;
				CLANG_WARN_RANGE_LOOP_ANALYSIS = YES;
				CLANG_WARN_STRICT_PROTOTYPES = YES;
				CLANG_WARN_SUSPICIOUS_MOVE = YES;
				CLANG_WARN_UNGUARDED_AVAILABILITY = YES_AGGRESSIVE;
				CLANG_WARN_UNREACHABLE_CODE = YES;
				CLANG_WARN__DUPLICATE_METHOD_MATCH = YES;
				COPY_PHASE_STRIP = NO;
				DEBUG_INFORMATION_FORMAT = "dwarf-with-dsym";
				ENABLE_NS_ASSERTIONS = NO;
				ENABLE_STRICT_OBJC_MSGSEND = YES;
				ENABLE_USER_SCRIPT_SANDBOXING = YES;
				GCC_C_LANGUAGE_STANDARD = gnu17;
				GCC_NO_COMMON_BLOCKS = YES;
				GCC_WARN_64_TO_32_BIT_CONVERSION = YES;
				GCC_WARN_ABOUT_RETURN_TYPE = YES_ERROR;
				GCC_WARN_UNDECLARED_SELECTOR = YES;
				GCC_WARN_UNINITIALIZED_AUTOS = YES_AGGRESSIVE;
				GCC_WARN_UNUSED_FUNCTION = YES;
				GCC_WARN_UNUSED_VARIABLE = YES;
				LOCALIZATION_PREFERS_STRING_CATALOGS = YES;
				MTL_ENABLE_DEBUG_INFO = NO;
				MTL_FAST_MATH = YES;
				SWIFT_COMPILATION_MODE = wholemodule;
			};
			name = Release;
		};
		34AF76062DAF013300633446 /* Debug */ = {
			isa = XCBuildConfiguration;
			buildSettings = {
				ASSETCATALOG_COMPILER_APPICON_NAME = AppIcon;
				ASSETCATALOG_COMPILER_GLOBAL_ACCENT_COLOR_NAME = AccentColor;
				CODE_SIGN_ENTITLEMENTS = Volindo/Volindo.entitlements;
				CODE_SIGN_IDENTITY = "Apple Development";
				CODE_SIGN_STYLE = Automatic;
				CURRENT_PROJECT_VERSION = 1;
				DEVELOPMENT_ASSET_PATHS = "\"Volindo/Preview Content\"";
				DEVELOPMENT_TEAM = JDP35T5ZDL;
				ENABLE_HARDENED_RUNTIME = YES;
				ENABLE_PREVIEWS = YES;
				GENERATE_INFOPLIST_FILE = YES;
				INFOPLIST_FILE = Volindo/Info.plist;
				INFOPLIST_KEY_CFBundleDisplayName = Volindo;
				INFOPLIST_KEY_LSApplicationCategoryType = "public.app-category.entertainment";
				"INFOPLIST_KEY_UIApplicationSceneManifest_Generation[sdk=iphoneos*]" = YES;
				"INFOPLIST_KEY_UIApplicationSceneManifest_Generation[sdk=iphonesimulator*]" = YES;
				"INFOPLIST_KEY_UIApplicationSupportsIndirectInputEvents[sdk=iphoneos*]" = YES;
				"INFOPLIST_KEY_UIApplicationSupportsIndirectInputEvents[sdk=iphonesimulator*]" = YES;
				"INFOPLIST_KEY_UILaunchScreen_Generation[sdk=iphoneos*]" = YES;
				"INFOPLIST_KEY_UILaunchScreen_Generation[sdk=iphonesimulator*]" = YES;
				"INFOPLIST_KEY_UIStatusBarStyle[sdk=iphoneos*]" = UIStatusBarStyleDefault;
				"INFOPLIST_KEY_UIStatusBarStyle[sdk=iphonesimulator*]" = UIStatusBarStyleDefault;
				INFOPLIST_KEY_UISupportedInterfaceOrientations = UIInterfaceOrientationPortrait;
				IPHONEOS_DEPLOYMENT_TARGET = 15.6;
				LD_RUNPATH_SEARCH_PATHS = "@executable_path/Frameworks";
				"LD_RUNPATH_SEARCH_PATHS[sdk=macosx*]" = "@executable_path/../Frameworks";
				MACOSX_DEPLOYMENT_TARGET = 15.2;
				MARKETING_VERSION = 1.0;
				PRODUCT_BUNDLE_IDENTIFIER = com.volindo.test;
				PRODUCT_NAME = "$(TARGET_NAME)";
				PROVISIONING_PROFILE_SPECIFIER = "";
				SDKROOT = auto;
				SUPPORTED_PLATFORMS = "iphoneos iphonesimulator";
				SUPPORTS_MACCATALYST = NO;
				SWIFT_EMIT_LOC_STRINGS = YES;
				SWIFT_VERSION = 5.0;
				TARGETED_DEVICE_FAMILY = "1,7";
				XROS_DEPLOYMENT_TARGET = 2.2;
			};
			name = Debug;
		};
		34AF76072DAF013300633446 /* Release */ = {
			isa = XCBuildConfiguration;
			buildSettings = {
				ASSETCATALOG_COMPILER_APPICON_NAME = AppIcon;
				ASSETCATALOG_COMPILER_GLOBAL_ACCENT_COLOR_NAME = AccentColor;
				CODE_SIGN_ENTITLEMENTS = Volindo/Volindo.entitlements;
				CODE_SIGN_IDENTITY = "Apple Development";
				CODE_SIGN_STYLE = Automatic;
				CURRENT_PROJECT_VERSION = 1;
				DEVELOPMENT_ASSET_PATHS = "\"Volindo/Preview Content\"";
				DEVELOPMENT_TEAM = JDP35T5ZDL;
				ENABLE_HARDENED_RUNTIME = YES;
				ENABLE_PREVIEWS = YES;
				GENERATE_INFOPLIST_FILE = YES;
				INFOPLIST_FILE = Volindo/Info.plist;
				INFOPLIST_KEY_CFBundleDisplayName = Volindo;
				INFOPLIST_KEY_LSApplicationCategoryType = "public.app-category.entertainment";
				"INFOPLIST_KEY_UIApplicationSceneManifest_Generation[sdk=iphoneos*]" = YES;
				"INFOPLIST_KEY_UIApplicationSceneManifest_Generation[sdk=iphonesimulator*]" = YES;
				"INFOPLIST_KEY_UIApplicationSupportsIndirectInputEvents[sdk=iphoneos*]" = YES;
				"INFOPLIST_KEY_UIApplicationSupportsIndirectInputEvents[sdk=iphonesimulator*]" = YES;
				"INFOPLIST_KEY_UILaunchScreen_Generation[sdk=iphoneos*]" = YES;
				"INFOPLIST_KEY_UILaunchScreen_Generation[sdk=iphonesimulator*]" = YES;
				"INFOPLIST_KEY_UIStatusBarStyle[sdk=iphoneos*]" = UIStatusBarStyleDefault;
				"INFOPLIST_KEY_UIStatusBarStyle[sdk=iphonesimulator*]" = UIStatusBarStyleDefault;
				INFOPLIST_KEY_UISupportedInterfaceOrientations = UIInterfaceOrientationPortrait;
				IPHONEOS_DEPLOYMENT_TARGET = 15.6;
				LD_RUNPATH_SEARCH_PATHS = "@executable_path/Frameworks";
				"LD_RUNPATH_SEARCH_PATHS[sdk=macosx*]" = "@executable_path/../Frameworks";
				MACOSX_DEPLOYMENT_TARGET = 15.2;
				MARKETING_VERSION = 1.0;
				PRODUCT_BUNDLE_IDENTIFIER = com.volindo.test;
				PRODUCT_NAME = "$(TARGET_NAME)";
				PROVISIONING_PROFILE_SPECIFIER = "";
				SDKROOT = auto;
				SUPPORTED_PLATFORMS = "iphoneos iphonesimulator";
				SUPPORTS_MACCATALYST = NO;
				SWIFT_EMIT_LOC_STRINGS = YES;
				SWIFT_VERSION = 5.0;
				TARGETED_DEVICE_FAMILY = "1,7";
				XROS_DEPLOYMENT_TARGET = 2.2;
			};
			name = Release;
		};
		34AF76092DAF013300633446 /* Debug */ = {
			isa = XCBuildConfiguration;
			buildSettings = {
				BUNDLE_LOADER = "$(TEST_HOST)";
				CODE_SIGN_STYLE = Automatic;
				CURRENT_PROJECT_VERSION = 1;
				DEVELOPMENT_TEAM = JDP35T5ZDL;
				GENERATE_INFOPLIST_FILE = YES;
				IPHONEOS_DEPLOYMENT_TARGET = 18.2;
				MACOSX_DEPLOYMENT_TARGET = 15.2;
				MARKETING_VERSION = 1.0;
				PRODUCT_BUNDLE_IDENTIFIER = "com.volindo.Instagram-CloneTests";
				PRODUCT_NAME = "$(TARGET_NAME)";
				SDKROOT = auto;
				SUPPORTED_PLATFORMS = "iphoneos iphonesimulator macosx xros xrsimulator";
				SWIFT_EMIT_LOC_STRINGS = NO;
				SWIFT_VERSION = 5.0;
				TARGETED_DEVICE_FAMILY = "1,2,7";
				TEST_HOST = "$(BUILT_PRODUCTS_DIR)/Volindo.app/$(BUNDLE_EXECUTABLE_FOLDER_PATH)/Volindo";
				XROS_DEPLOYMENT_TARGET = 2.2;
			};
			name = Debug;
		};
		34AF760A2DAF013300633446 /* Release */ = {
			isa = XCBuildConfiguration;
			buildSettings = {
				BUNDLE_LOADER = "$(TEST_HOST)";
				CODE_SIGN_STYLE = Automatic;
				CURRENT_PROJECT_VERSION = 1;
				DEVELOPMENT_TEAM = JDP35T5ZDL;
				GENERATE_INFOPLIST_FILE = YES;
				IPHONEOS_DEPLOYMENT_TARGET = 18.2;
				MACOSX_DEPLOYMENT_TARGET = 15.2;
				MARKETING_VERSION = 1.0;
				PRODUCT_BUNDLE_IDENTIFIER = "com.volindo.Instagram-CloneTests";
				PRODUCT_NAME = "$(TARGET_NAME)";
				SDKROOT = auto;
				SUPPORTED_PLATFORMS = "iphoneos iphonesimulator macosx xros xrsimulator";
				SWIFT_EMIT_LOC_STRINGS = NO;
				SWIFT_VERSION = 5.0;
				TARGETED_DEVICE_FAMILY = "1,2,7";
				TEST_HOST = "$(BUILT_PRODUCTS_DIR)/Volindo.app/$(BUNDLE_EXECUTABLE_FOLDER_PATH)/Volindo";
				XROS_DEPLOYMENT_TARGET = 2.2;
			};
			name = Release;
		};
		34AF760C2DAF013300633446 /* Debug */ = {
			isa = XCBuildConfiguration;
			buildSettings = {
				CODE_SIGN_STYLE = Automatic;
				CURRENT_PROJECT_VERSION = 1;
				DEVELOPMENT_TEAM = JDP35T5ZDL;
				GENERATE_INFOPLIST_FILE = YES;
				IPHONEOS_DEPLOYMENT_TARGET = 18.2;
				MACOSX_DEPLOYMENT_TARGET = 15.2;
				MARKETING_VERSION = 1.0;
				PRODUCT_BUNDLE_IDENTIFIER = "com.volindo.Instagram-CloneUITests";
				PRODUCT_NAME = "$(TARGET_NAME)";
				SDKROOT = auto;
				SUPPORTED_PLATFORMS = "iphoneos iphonesimulator macosx xros xrsimulator";
				SWIFT_EMIT_LOC_STRINGS = NO;
				SWIFT_VERSION = 5.0;
				TARGETED_DEVICE_FAMILY = "1,2,7";
				TEST_TARGET_NAME = "Instagram-Clone";
				XROS_DEPLOYMENT_TARGET = 2.2;
			};
			name = Debug;
		};
		34AF760D2DAF013300633446 /* Release */ = {
			isa = XCBuildConfiguration;
			buildSettings = {
				CODE_SIGN_STYLE = Automatic;
				CURRENT_PROJECT_VERSION = 1;
				DEVELOPMENT_TEAM = JDP35T5ZDL;
				GENERATE_INFOPLIST_FILE = YES;
				IPHONEOS_DEPLOYMENT_TARGET = 18.2;
				MACOSX_DEPLOYMENT_TARGET = 15.2;
				MARKETING_VERSION = 1.0;
				PRODUCT_BUNDLE_IDENTIFIER = "com.volindo.Instagram-CloneUITests";
				PRODUCT_NAME = "$(TARGET_NAME)";
				SDKROOT = auto;
				SUPPORTED_PLATFORMS = "iphoneos iphonesimulator macosx xros xrsimulator";
				SWIFT_EMIT_LOC_STRINGS = NO;
				SWIFT_VERSION = 5.0;
				TARGETED_DEVICE_FAMILY = "1,2,7";
				TEST_TARGET_NAME = "Instagram-Clone";
				XROS_DEPLOYMENT_TARGET = 2.2;
			};
			name = Release;
		};
/* End XCBuildConfiguration section */

/* Begin XCConfigurationList section */
		34AF75DB2DAF013100633446 /* Build configuration list for PBXProject "Volindo" */ = {
			isa = XCConfigurationList;
			buildConfigurations = (
				34AF76032DAF013300633446 /* Debug */,
				34AF76042DAF013300633446 /* Release */,
			);
			defaultConfigurationIsVisible = 0;
			defaultConfigurationName = Release;
		};
		34AF76052DAF013300633446 /* Build configuration list for PBXNativeTarget "Volindo" */ = {
			isa = XCConfigurationList;
			buildConfigurations = (
				34AF76062DAF013300633446 /* Debug */,
				34AF76072DAF013300633446 /* Release */,
			);
			defaultConfigurationIsVisible = 0;
			defaultConfigurationName = Release;
		};
		34AF76082DAF013300633446 /* Build configuration list for PBXNativeTarget "VolindoTests" */ = {
			isa = XCConfigurationList;
			buildConfigurations = (
				34AF76092DAF013300633446 /* Debug */,
				34AF760A2DAF013300633446 /* Release */,
			);
			defaultConfigurationIsVisible = 0;
			defaultConfigurationName = Release;
		};
		34AF760B2DAF013300633446 /* Build configuration list for PBXNativeTarget "VolindoUITests" */ = {
			isa = XCConfigurationList;
			buildConfigurations = (
				34AF760C2DAF013300633446 /* Debug */,
				34AF760D2DAF013300633446 /* Release */,
			);
			defaultConfigurationIsVisible = 0;
			defaultConfigurationName = Release;
		};
/* End XCConfigurationList section */

/* Begin XCRemoteSwiftPackageReference section */
		34AF764A2DAFCEB300633446 /* XCRemoteSwiftPackageReference "Kingfisher" */ = {
			isa = XCRemoteSwiftPackageReference;
			repositoryURL = "https://github.com/onevcat/Kingfisher.git";
			requirement = {
				kind = upToNextMajorVersion;
				minimumVersion = 8.3.2;
			};
		};
		34BC48EE2DB2A6D700D68255 /* XCRemoteSwiftPackageReference "Alamofire" */ = {
			isa = XCRemoteSwiftPackageReference;
			repositoryURL = "https://github.com/Alamofire/Alamofire.git";
			requirement = {
				kind = upToNextMajorVersion;
				minimumVersion = 5.10.2;
			};
		};
		34BC49CE2DB3DF1E00D68255 /* XCRemoteSwiftPackageReference "Swinject" */ = {
			isa = XCRemoteSwiftPackageReference;
			repositoryURL = "https://github.com/Swinject/Swinject.git";
			requirement = {
				kind = upToNextMajorVersion;
				minimumVersion = 2.9.1;
			};
		};
/* End XCRemoteSwiftPackageReference section */

/* Begin XCSwiftPackageProductDependency section */
		34AF764B2DAFCEB300633446 /* Kingfisher */ = {
			isa = XCSwiftPackageProductDependency;
			package = 34AF764A2DAFCEB300633446 /* XCRemoteSwiftPackageReference "Kingfisher" */;
			productName = Kingfisher;
		};
		34BC48EF2DB2A6D700D68255 /* Alamofire */ = {
			isa = XCSwiftPackageProductDependency;
			package = 34BC48EE2DB2A6D700D68255 /* XCRemoteSwiftPackageReference "Alamofire" */;
			productName = Alamofire;
		};
		34BC49CF2DB3DF1E00D68255 /* Swinject */ = {
			isa = XCSwiftPackageProductDependency;
			package = 34BC49CE2DB3DF1E00D68255 /* XCRemoteSwiftPackageReference "Swinject" */;
			productName = Swinject;
		};
/* End XCSwiftPackageProductDependency section */
	};
	rootObject = 34AF75D82DAF013100633446 /* Project object */;
}
